
Microsoft Visual Studio Solution File, Format Version 12.00
# Visual Studio Version 16
VisualStudioVersion = 16.0.29911.84
MinimumVisualStudioVersion = 10.0.40219.1
Project("{FAE04EC0-301F-11D3-BF4B-00C04F79EFBC}") = "BookStore.API", "BookStore.API\BookStore.API.csproj", "{4C31E4F9-73F6-42BC-AA23-AE1E90573D45}"
EndProject
Global
	GlobalSection(SolutionConfigurationPlatforms) = preSolution
		Debug|Any CPU = Debug|Any CPU
		Release|Any CPU = Release|Any CPU
	EndGlobalSection
	GlobalSection(ProjectConfigurationPlatforms) = postSolution
		{4C31E4F9-73F6-42BC-AA23-AE1E90573D45}.Debug|Any CPU.ActiveCfg = Debug|Any CPU
		{4C31E4F9-73F6-42BC-AA23-AE1E90573D45}.Debug|Any CPU.Build.0 = Debug|Any CPU
		{4C31E4F9-73F6-42BC-AA23-AE1E90573D45}.Release|Any CPU.ActiveCfg = Release|Any CPU
		{4C31E4F9-73F6-42BC-AA23-AE1E90573D45}.Release|Any CPU.Build.0 = Release|Any CPU
	EndGlobalSection
	GlobalSection(SolutionProperties) = preSolution
		HideSolutionNode = FALSE
	EndGlobalSection
	GlobalSection(ExtensibilityGlobals) = postSolution
		SolutionGuid = {EB6AD453-730D-4C02-809D-996B2EF5F7E3}
	EndGlobalSection
EndGlobal
